{
  "name": "cursor-scroll",
  "version": "0.1.0",
  "lockfileVersion": 3,
  "requires": true,
  "packages": {
    "": {
      "name": "cursor-scroll",
      "version": "0.1.0",
      "license": "MIT",
      "devDependencies": {
        "@types/node": "16.x",
        "@types/vscode": "^1.74.0",
        "oxlint": "^0.13.0",
        "typescript": "^4.9.3"
      },
      "engines": {
        "vscode": "^1.74.0"
      }
    },
    "node_modules/@oxlint/darwin-arm64": {
      "version": "0.13.2",
      "resolved": "https://registry.npmjs.org/@oxlint/darwin-arm64/-/darwin-arm64-0.13.2.tgz",
      "integrity": "sha512-Jbi2UX1xTFTpH/D6n15RzDSG/44oJ0FwrHWl96TsdD3PAOGxmm8LgcrsCU4d22TSN7ShDFB8y34MYplduRzhfA==",
      "cpu": [
        "arm64"
      ],
      "dev": true,
      "license": "MIT",
      "optional": true,
      "os": [
        "darwin"
      ]
    },
    "node_modules/@oxlint/darwin-x64": {
      "version": "0.13.2",
      "resolved": "https://registry.npmjs.org/@oxlint/darwin-x64/-/darwin-x64-0.13.2.tgz",
      "integrity": "sha512-ulA2vpNIM14VWJua6BjgX6l8nrjY8Un0uLqBLgELyDHMfpnC0HfrB2mR9PC9tRhb7+BEbgDLWTRs2aTV64eprw==",
      "cpu": [
        "x64"
      ],
      "dev": true,
      "license": "MIT",
      "optional": true,
      "os": [
        "darwin"
      ]
    },
    "node_modules/@oxlint/linux-arm64-gnu": {
      "version": "0.13.2",
      "resolved": "https://registry.npmjs.org/@oxlint/linux-arm64-gnu/-/linux-arm64-gnu-0.13.2.tgz",
      "integrity": "sha512-iwguvPnIx/yIMc2IrwLeRflEFwyn+gcsNR8le5aX5DvQfHiB3/3x5JxOVl7Nd93lLsOg8RyVr2E11CxV10rKWw==",
      "cpu": [
        "arm64"
      ],
      "dev": true,
      "license": "MIT",
      "optional": true,
      "os": [
        "linux"
      ]
    },
    "node_modules/@oxlint/linux-arm64-musl": {
      "version": "0.13.2",
      "resolved": "https://registry.npmjs.org/@oxlint/linux-arm64-musl/-/linux-arm64-musl-0.13.2.tgz",
      "integrity": "sha512-YJVvVyuvUobgCmiE47kBwN6dymLcQBG5/NsEaCbVyYw5HQJN7Ywp/x4suaF4c6M9ItPCnLxEZ4Lwu5TkrkU3vQ==",
      "cpu": [
        "arm64"
      ],
      "dev": true,
      "license": "MIT",
      "optional": true,
      "os": [
        "linux"
      ]
    },
    "node_modules/@oxlint/linux-x64-gnu": {
      "version": "0.13.2",
      "resolved": "https://registry.npmjs.org/@oxlint/linux-x64-gnu/-/linux-x64-gnu-0.13.2.tgz",
      "integrity": "sha512-w78gjd3ZJ+ahByS5gmN0jxFn/+G3W/oBJbyGFOuteXYcJwLj6JIyS0VhpMKxuAdFNCnsjJeDHSbdWaCV6VkA3A==",
      "cpu": [
        "x64"
      ],
      "dev": true,
      "license": "MIT",
      "optional": true,
      "os": [
        "linux"
      ]
    },
    "node_modules/@oxlint/linux-x64-musl": {
      "version": "0.13.2",
      "resolved": "https://registry.npmjs.org/@oxlint/linux-x64-musl/-/linux-x64-musl-0.13.2.tgz",
      "integrity": "sha512-yedk6KQT3jtBzpzExo3Ib7NwfuugaaFKvk/EzXEojMQ5aYh6CNhmVmm+adzwBp4YyOeXQZxSPHQ1LcNwDCUJIA==",
      "cpu": [
        "x64"
      ],
      "dev": true,
      "license": "MIT",
      "optional": true,
      "os": [
        "linux"
      ]
    },
    "node_modules/@oxlint/win32-arm64": {
      "version": "0.13.2",
      "resolved": "https://registry.npmjs.org/@oxlint/win32-arm64/-/win32-arm64-0.13.2.tgz",
      "integrity": "sha512-KZvJ3uMWSCwkZtvOcO+K4mLmYU/jIcHUb00s8aPasG1taflbjINsq9ZUUj5LNigcDwJRZGUwNcvY5KuQ+E9WtQ==",
      "cpu": [
        "arm64"
      ],
      "dev": true,
      "license": "MIT",
      "optional": true,
      "os": [
        "win32"
      ]
    },
    "node_modules/@oxlint/win32-x64": {
      "version": "0.13.2",
      "resolved": "https://registry.npmjs.org/@oxlint/win32-x64/-/win32-x64-0.13.2.tgz",
      "integrity": "sha512-G8FM8RTJRMt2dPRJ/TXhqIEu9k00vRAoh3DSV2r3o+jD8FZDBZXOgoDn2D0F9HqgFLEOVTxpfalmWntyk2hmyw==",
      "cpu": [
        "x64"
      ],
      "dev": true,
      "license": "MIT",
      "optional": true,
      "os": [
        "win32"
      ]
    },
    "node_modules/@types/node": {
      "version": "16.18.126",
      "resolved": "https://registry.npmjs.org/@types/node/-/node-16.18.126.tgz",
      "integrity": "sha512-OTcgaiwfGFBKacvfwuHzzn1KLxH/er8mluiy8/uM3sGXHaRe73RrSIj01jow9t4kJEW633Ov+cOexXeiApTyAw==",
      "dev": true,
      "license": "MIT"
    },
    "node_modules/@types/vscode": {
      "version": "1.108.1",
      "resolved": "https://registry.npmjs.org/@types/vscode/-/vscode-1.108.1.tgz",
      "integrity": "sha512-DerV0BbSzt87TbrqmZ7lRDIYaMiqvP8tmJTzW2p49ZBVtGUnGAu2RGQd1Wv4XMzEVUpaHbsemVM5nfuQJj7H6w==",
      "dev": true,
      "license": "MIT"
    },
    "node_modules/oxlint": {
      "version": "0.13.2",
      "resolved": "https://registry.npmjs.org/oxlint/-/oxlint-0.13.2.tgz",
      "integrity": "sha512-R7wXUspM75TeEXaAFLmuPH0W3h5B5r6BNtOvkcnVddD3BWbBiEOWe9bCqt4+te0l8wQ4a0/XLCGrJroxFFeajg==",
      "dev": true,
      "license": "MIT",
      "bin": {
        "oxc_language_server": "bin/oxc_language_server",
        "oxlint": "bin/oxlint"
      },
      "engines": {
        "node": ">=14.*"
      },
      "funding": {
        "url": "https://github.com/sponsors/Boshen"
      },
      "optionalDependencies": {
        "@oxlint/darwin-arm64": "0.13.2",
        "@oxlint/darwin-x64": "0.13.2",
        "@oxlint/linux-arm64-gnu": "0.13.2",
        "@oxlint/linux-arm64-musl": "0.13.2",
        "@oxlint/linux-x64-gnu": "0.13.2",
        "@oxlint/linux-x64-musl": "0.13.2",
        "@oxlint/win32-arm64": "0.13.2",
        "@oxlint/win32-x64": "0.13.2"
      }
    },
    "node_modules/typescript": {
      "version": "4.9.5",
      "resolved": "https://registry.npmjs.org/typescript/-/typescript-4.9.5.tgz",
      "integrity": "sha512-1FXk9E2Hm+QzZQ7z+McJiHL4NW1F2EzMu9Nq9i3zAaGqibafqYwCVU6WyWAuyQRRzOlxou8xZSyXLEN8oKj24g==",
      "dev": true,
      "license": "Apache-2.0",
      "bin": {
        "tsc": "bin/tsc",
        "tsserver": "bin/tsserver"
      },
      "engines": {
        "node": ">=4.2.0"
      }
    }
  }
}
